
Microsoft Visual Studio Solution File, Format Version 12.00
# Visual Studio Version 16
VisualStudioVersion = 16.0.32228.343
MinimumVisualStudioVersion = 10.0.40219.1
Project("{FAE04EC0-301F-11D3-BF4B-00C04F79EFBC}") = "JuegoConecta4", "JuegoConecta4\JuegoConecta4.csproj", "{C8C8D154-AADB-4044-B2A1-6B49CF07A9E5}"
EndProject
Global
	GlobalSection(SolutionConfigurationPlatforms) = preSolution
		Debug|Any CPU = Debug|Any CPU
		Release|Any CPU = Release|Any CPU
	EndGlobalSection
	GlobalSection(ProjectConfigurationPlatforms) = postSolution
		{C8C8D154-AADB-4044-B2A1-6B49CF07A9E5}.Debug|Any CPU.ActiveCfg = Debug|Any CPU
		{C8C8D154-AADB-4044-B2A1-6B49CF07A9E5}.Debug|Any CPU.Build.0 = Debug|Any CPU
		{C8C8D154-AADB-4044-B2A1-6B49CF07A9E5}.Release|Any CPU.ActiveCfg = Release|Any CPU
		{C8C8D154-AADB-4044-B2A1-6B49CF07A9E5}.Release|Any CPU.Build.0 = Release|Any CPU
	EndGlobalSection
	GlobalSection(SolutionProperties) = preSolution
		HideSolutionNode = FALSE
	EndGlobalSection
	GlobalSection(ExtensibilityGlobals) = postSolution
		SolutionGuid = {FA191D1C-535D-4D97-A6E6-F695DACEE086}
	EndGlobalSection
EndGlobal
